
Microsoft Visual Studio Solution File, Format Version 12.00
# Visual Studio Version 17
VisualStudioVersion = 17.4.33213.308
MinimumVisualStudioVersion = 10.0.40219.1
Project("{FAE04EC0-301F-11D3-BF4B-00C04F79EFBC}") = "LectureActivity3Code", "LectureActivity3Code\LectureActivity3Code.csproj", "{CBB04D4E-4138-47A1-B049-56D383C9B584}"
EndProject
Global
	GlobalSection(SolutionConfigurationPlatforms) = preSolution
		Debug|Any CPU = Debug|Any CPU
		Release|Any CPU = Release|Any CPU
	EndGlobalSection
	GlobalSection(ProjectConfigurationPlatforms) = postSolution
		{CBB04D4E-4138-47A1-B049-56D383C9B584}.Debug|Any CPU.ActiveCfg = Debug|Any CPU
		{CBB04D4E-4138-47A1-B049-56D383C9B584}.Debug|Any CPU.Build.0 = Debug|Any CPU
		{CBB04D4E-4138-47A1-B049-56D383C9B584}.Release|Any CPU.ActiveCfg = Release|Any CPU
		{CBB04D4E-4138-47A1-B049-56D383C9B584}.Release|Any CPU.Build.0 = Release|Any CPU
	EndGlobalSection
	GlobalSection(SolutionProperties) = preSolution
		HideSolutionNode = FALSE
	EndGlobalSection
	GlobalSection(ExtensibilityGlobals) = postSolution
		SolutionGuid = {65F4825D-A2BB-4E45-A79C-41CE60B9FD3C}
	EndGlobalSection
EndGlobal
